
Microsoft Visual Studio Solution File, Format Version 12.00
# Visual Studio 15
VisualStudioVersion = 15.0.27428.2002
MinimumVisualStudioVersion = 10.0.40219.1
Project("{F184B08F-C81C-45F6-A57F-5ABD9991F28F}") = "Updater", "Updater\Updater.vbproj", "{D15C51EB-1FAF-4818-A59C-721B93A14E5E}"
EndProject
Global
	GlobalSection(SolutionConfigurationPlatforms) = preSolution
		Debug|Any CPU = Debug|Any CPU
		Release|Any CPU = Release|Any CPU
	EndGlobalSection
	GlobalSection(ProjectConfigurationPlatforms) = postSolution
		{D15C51EB-1FAF-4818-A59C-721B93A14E5E}.Debug|Any CPU.ActiveCfg = Debug|Any CPU
		{D15C51EB-1FAF-4818-A59C-721B93A14E5E}.Debug|Any CPU.Build.0 = Debug|Any CPU
		{D15C51EB-1FAF-4818-A59C-721B93A14E5E}.Release|Any CPU.ActiveCfg = Release|Any CPU
		{D15C51EB-1FAF-4818-A59C-721B93A14E5E}.Release|Any CPU.Build.0 = Release|Any CPU
	EndGlobalSection
	GlobalSection(SolutionProperties) = preSolution
		HideSolutionNode = FALSE
	EndGlobalSection
	GlobalSection(ExtensibilityGlobals) = postSolution
		SolutionGuid = {D0C6193F-D98B-49F4-8300-807828846B8F}
	EndGlobalSection
EndGlobal
